
Microsoft Visual Studio Solution File, Format Version 12.00
# Visual Studio Version 16
VisualStudioVersion = 16.0.32802.440
MinimumVisualStudioVersion = 10.0.40219.1
Project("{FAE04EC0-301F-11D3-BF4B-00C04F79EFBC}") = "2110", "2110\2110.csproj", "{930F8648-FC1E-421D-9519-C9E86129697C}"
EndProject
Global
	GlobalSection(SolutionConfigurationPlatforms) = preSolution
		Debug|Any CPU = Debug|Any CPU
		Release|Any CPU = Release|Any CPU
	EndGlobalSection
	GlobalSection(ProjectConfigurationPlatforms) = postSolution
		{930F8648-FC1E-421D-9519-C9E86129697C}.Debug|Any CPU.ActiveCfg = Debug|Any CPU
		{930F8648-FC1E-421D-9519-C9E86129697C}.Debug|Any CPU.Build.0 = Debug|Any CPU
		{930F8648-FC1E-421D-9519-C9E86129697C}.Release|Any CPU.ActiveCfg = Release|Any CPU
		{930F8648-FC1E-421D-9519-C9E86129697C}.Release|Any CPU.Build.0 = Release|Any CPU
	EndGlobalSection
	GlobalSection(SolutionProperties) = preSolution
		HideSolutionNode = FALSE
	EndGlobalSection
	GlobalSection(ExtensibilityGlobals) = postSolution
		SolutionGuid = {E9C8E1BF-E273-4DF5-83B1-F074EE212703}
	EndGlobalSection
EndGlobal
